{
  "name": "as5",
  "version": "1.0.0",
  "lockfileVersion": 1,
  "requires": true,
  "dependencies": {
    "scanf": {
      "version": "1.1.1",
      "resolved": "https://registry.npmjs.org/scanf/-/scanf-1.1.1.tgz",
      "integrity": "sha512-mIovgMrXQzJm3rm0WRMz1z9BpXTHNKCpLhCSvlahpBPSDy3DZRlJRMsvPHSfDDsv4yxEzNPEOgXicF56GcGkmQ==",
      "dev": true
    },
    "wabt": {
      "version": "1.0.16",
      "resolved": "https://registry.npmjs.org/wabt/-/wabt-1.0.16.tgz",
      "integrity": "sha512-aSQEAJfYkoZRY9Qt2/6hTM8yRX/Nc2R1bScET/4lppRqfUyzynB5HI+lK0u/hp8NbCVTAXg0iETviSS3zoufJw==",
      "dev": true
    }
  }
}
