{
  "name": "as5",
  "version": "1.0.0",
  "lockfileVersion": 1,
  "requires": true,
  "dependencies": {
    "scanf": {
      "version": "1.1.1",
      "resolved": "https://registry.npmjs.org/scanf/-/scanf-1.1.1.tgz",
      "integrity": "sha512-mIovgMrXQzJm3rm0WRMz1z9BpXTHNKCpLhCSvlahpBPSDy3DZRlJRMsvPHSfDDsv4yxEzNPEOgXicF56GcGkmQ==",
      "dev": true
    },
    "wabt": {
      "version": "1.0.13",
      "resolved": "https://registry.npmjs.org/wabt/-/wabt-1.0.13.tgz",
      "integrity": "sha512-nkWPyUjYt+SqPox2mjJF5jrpWv30awdXKdG0OmryzfhtahHBrPz/BGSbakPgcJU2SFjC1s7Mb8MadRhQ6lmqUg==",
      "dev": true
    }
  }
}
